
Microsoft Visual Studio Solution File, Format Version 12.00
# Visual Studio Version 16
VisualStudioVersion = 16.0.32602.291
MinimumVisualStudioVersion = 10.0.40219.1
Project("{8BC9CEB8-8B4A-11D0-8D11-00A0C91BC942}") = "day1", "day1\day1.vcxproj", "{473D22C4-124C-43F8-8103-007A6B985ABC}"
EndProject
Project("{8BC9CEB8-8B4A-11D0-8D11-00A0C91BC942}") = "day2", "day4\day4.vcxproj", "{6FBFDE2B-BEEC-401E-9CC9-5AEF692AE7AF}"
EndProject
Project("{8BC9CEB8-8B4A-11D0-8D11-00A0C91BC942}") = "day3_for 循环 所有奇数之和", "day3_for 循环\day3_for 循环.vcxproj", "{ECAEC016-3108-4546-AF83-D35D1D3B1605}"
EndProject
Project("{8BC9CEB8-8B4A-11D0-8D11-00A0C91BC942}") = "day4_for举例1到100能被3整除的数字之和", "day4_for\day4_for.vcxproj", "{0F27D04C-16BC-496E-A0DA-B472284348F8}"
EndProject
Project("{8BC9CEB8-8B4A-11D0-8D11-00A0C91BC942}") = "day5_for1到100 所有奇数的个数", "day5_for举例1\day5_for举例1.vcxproj", "{4B21B37E-FF11-4867-AEFF-5E9E08128EBB}"
EndProject
Project("{8BC9CEB8-8B4A-11D0-8D11-00A0C91BC942}") = "day5_for举例(强制类型转换)", "day5_for举例2\day5_for举例2.vcxproj", "{5D0F909A-65D3-45D0-864D-1FE64C09E2AB}"
EndProject
Project("{8BC9CEB8-8B4A-11D0-8D11-00A0C91BC942}") = "day5_for1到100之间奇数的平均值", "day5_1到100之间奇数的平均值\day5_1到100之间奇数的平均值.vcxproj", "{39225681-9A4B-4677-B03B-A0F3755C8CC3}"
EndProject
Project("{8BC9CEB8-8B4A-11D0-8D11-00A0C91BC942}") = "day5_1到100所有奇数和  所有偶数之和", "day5_1到100所有奇数和  所有偶数之和\day5_1到100所有奇数和  所有偶数之和.vcxproj", "{28AA7FEF-CD75-42F8-AD42-969384CF1F88}"
EndProject
Project("{8BC9CEB8-8B4A-11D0-8D11-00A0C91BC942}") = "day6_多个for循环的嵌套使用", "day6_多个for循环的嵌套使用\day6_多个for循环的嵌套使用.vcxproj", "{AE7301AE-AFDC-441B-8C3A-507AC16DAC04}"
EndProject
Project("{8BC9CEB8-8B4A-11D0-8D11-00A0C91BC942}") = "day7_自增自减的比较", "day7_自增自减的比较\day7_自增自减的比较.vcxproj", "{543A1728-0D3D-474C-932B-044EC3B79699}"
EndProject
Project("{8BC9CEB8-8B4A-11D0-8D11-00A0C91BC942}") = "day6_多个for循环的嵌套使用2", "day6_多个for循环的嵌套使用2\day6_多个for循环的嵌套使用2.vcxproj", "{C6556A59-A50A-47AD-BE29-E9C7B83F9195}"
EndProject
Project("{8BC9CEB8-8B4A-11D0-8D11-00A0C91BC942}") = "day8_while循环", "day8_while循环\day8_while循环.vcxproj", "{531C92E8-4162-424C-AF9D-99C280273668}"
EndProject
Project("{8BC9CEB8-8B4A-11D0-8D11-00A0C91BC942}") = "day8_while循环判断回文数", "day8_while循环判断回文数\day8_while循环判断回文数.vcxproj", "{5B1D5F2F-1BFE-4041-A68A-83A87CE55066}"
EndProject
Project("{8BC9CEB8-8B4A-11D0-8D11-00A0C91BC942}") = "day9_程序举例", "day9_程序举例\day9_程序举例.vcxproj", "{D37E0838-ED95-45DD-838E-C8EEE489A710}"
EndProject
Project("{8BC9CEB8-8B4A-11D0-8D11-00A0C91BC942}") = "day10_do while循环 一元二次方程", "day10_do while循环\day10_do while循环.vcxproj", "{F6C3353A-2875-4D39-9C06-579CBDCB2683}"
EndProject
Project("{8BC9CEB8-8B4A-11D0-8D11-00A0C91BC942}") = "day11_switch选择", "day11_switch循环\day11_switch循环.vcxproj", "{4D73EB96-F432-4C88-B406-A1DE7EC598BB}"
EndProject
Project("{8BC9CEB8-8B4A-11D0-8D11-00A0C91BC942}") = "day12_break与continue", "day12_break与continue\day12_break与continue.vcxproj", "{8D3CE930-8EED-4A57-B0F4-68B770CEFAF0}"
EndProject
Project("{8BC9CEB8-8B4A-11D0-8D11-00A0C91BC942}") = "day13_break用于多个for循环", "day13_break用于多个for循环\day13_break用于多个for循环.vcxproj", "{1F501A7F-41D8-434A-A01F-9033783FB476}"
EndProject
Project("{8BC9CEB8-8B4A-11D0-8D11-00A0C91BC942}") = "day14_continue用法", "day13_continue用法\day13_continue用法.vcxproj", "{7DFEC9DA-4CAE-425A-95CC-FA4BE46A58FC}"
EndProject
Project("{8BC9CEB8-8B4A-11D0-8D11-00A0C91BC942}") = "day15_数组", "day15_数组\day15_数组.vcxproj", "{A155EA79-45F4-49C1-B944-488A98E8CF94}"
EndProject
Project("{8BC9CEB8-8B4A-11D0-8D11-00A0C91BC942}") = "day16_一维数组", "day16_一维数组\day16_一维数组.vcxproj", "{BD679720-39F2-4D93-8CBF-B70C12C57F77}"
EndProject
Project("{8BC9CEB8-8B4A-11D0-8D11-00A0C91BC942}") = "day17_把一个数组倒置", "day17_二维数组\day17_二维数组.vcxproj", "{2E4C2F0F-7B55-4282-B295-F0F07CA5188D}"
EndProject
Project("{8BC9CEB8-8B4A-11D0-8D11-00A0C91BC942}") = "day18_二维数组", "day18_二维数组\day18_二维数组.vcxproj", "{5A0D0C21-5ADE-4E8F-9A26-74D195DDF571}"
EndProject
Project("{8BC9CEB8-8B4A-11D0-8D11-00A0C91BC942}") = "day19_函数", "day19_函数\day19_函数.vcxproj", "{257DBB6B-8F9E-4C0A-8AC2-FEEA9F274D6C}"
EndProject
Project("{8BC9CEB8-8B4A-11D0-8D11-00A0C91BC942}") = "day20_函数举例", "day20_函数举例\day20_函数举例.vcxproj", "{85CBA94E-6D45-4816-8DCE-14EC1A508A2B}"
EndProject
Project("{8BC9CEB8-8B4A-11D0-8D11-00A0C91BC942}") = "day21_函数返回值类型", "day21_如何定义函数\day21_如何定义函数.vcxproj", "{1920D98C-7BBE-4756-A1E3-0E059252D7F4}"
EndProject
Project("{8BC9CEB8-8B4A-11D0-8D11-00A0C91BC942}") = "day22_ return和break的区别", "day22_ return和break的区别\day22_ return和break的区别.vcxproj", "{50F23089-5DDA-498E-BA26-C4829899BC14}"
EndProject
Project("{8BC9CEB8-8B4A-11D0-8D11-00A0C91BC942}") = "day23_函数的分类", "day23_函数的分类\day23_函数的分类.vcxproj", "{4E2470EC-55A9-4C53-BD12-0329C1A5076E}"
EndProject
Project("{8BC9CEB8-8B4A-11D0-8D11-00A0C91BC942}") = "day24_函数举例来判断一个数是否为素数", "day24_函数举例来判断一个数是否为素数\day24_函数举例来判断一个数是否为素数.vcxproj", "{AED93F85-A19A-4E12-BA27-55BB24E7A04A}"
EndProject
Project("{8BC9CEB8-8B4A-11D0-8D11-00A0C91BC942}") = "day25_函数的声明", "day25_函数的声明\day25_函数的声明.vcxproj", "{2D6509F3-B0B4-4DE4-8955-D5AE0E4B1F7C}"
EndProject
Project("{8BC9CEB8-8B4A-11D0-8D11-00A0C91BC942}") = "day26_ 实参和形参", "day 26 实参和形参\day 26 实参和形参.vcxproj", "{2872FD70-9197-4960-AE8C-26807CA09095}"
EndProject
Project("{8BC9CEB8-8B4A-11D0-8D11-00A0C91BC942}") = "day27_如何设计函数解决实际问题", "day27_如何设计函数解决实际问题\day27_如何设计函数解决实际问题.vcxproj", "{C432F4B1-08D7-4B0B-8A53-29F57E9CD773}"
EndProject
Project("{8BC9CEB8-8B4A-11D0-8D11-00A0C91BC942}") = "day28_如何设计函数解决实际问题2", "day28_如何设计函数解决实际问题2\day28_如何设计函数解决实际问题2.vcxproj", "{40E19ED3-7BF9-4581-97E1-099C7365B6BE}"
EndProject
Project("{8BC9CEB8-8B4A-11D0-8D11-00A0C91BC942}") = "day29_常用的系统函数及递归函数", "day29_常用的系统函数\day29_常用的系统函数.vcxproj", "{9FEC05F5-611A-4E07-9243-C3223AFE2E7D}"
EndProject
Project("{8BC9CEB8-8B4A-11D0-8D11-00A0C91BC942}") = "day30_变量的作用域和存储方式", "day30_变量的作用域和存储方式\day30_变量的作用域和存储方式.vcxproj", "{C02E5018-C4F0-4D79-9238-83FA47670AB7}"
EndProject
Project("{8BC9CEB8-8B4A-11D0-8D11-00A0C91BC942}") = "day31_全局变量与局部变量命名冲突的问题", "day31_全局变量与局部变量命名冲突的问题\day31_全局变量与局部变量命名冲突的问题.vcxproj", "{B04E537A-C814-4371-8DC0-6F025A45D5FA}"
EndProject
Project("{8BC9CEB8-8B4A-11D0-8D11-00A0C91BC942}") = "day32_指针", "day32_指针\day32_指针.vcxproj", "{FEC97B3E-5040-4A2F-B9C2-C3EF57A24B05}"
EndProject
Project("{8BC9CEB8-8B4A-11D0-8D11-00A0C91BC942}") = "day33_指针的重要性", "day33_指针的重要性\day33_指针的重要性.vcxproj", "{DC04E5D0-4A1D-44F7-809B-E7AAC3CC6CC2}"
EndProject
Project("{8BC9CEB8-8B4A-11D0-8D11-00A0C91BC942}") = "day34_指针的定义", "day34_指针的定义\day34_指针的定义.vcxproj", "{4A7521EC-1239-4628-B851-529E80F49E87}"
EndProject
Project("{8BC9CEB8-8B4A-11D0-8D11-00A0C91BC942}") = "day35_指针常见错误1", "day35_指针类型\day35_指针类型.vcxproj", "{54070A4A-02E1-4EAA-97CB-F66302BF8F84}"
EndProject
Project("{8BC9CEB8-8B4A-11D0-8D11-00A0C91BC942}") = "day36_指针常见错误2", "day36_指针的常见的问题2\day36_指针的常见的问题2.vcxproj", "{5DE663EA-A72C-4D27-B7F8-1792C4E56999}"
EndProject
Project("{8BC9CEB8-8B4A-11D0-8D11-00A0C91BC942}") = "day37_指针经典程序-互换两个数字", "day37_指针经典程序-互换两个数字\day37_指针经典程序-互换两个数字.vcxproj", "{52054FE5-9DE5-4D69-B148-CF0E48D49E5D}"
EndProject
Project("{8BC9CEB8-8B4A-11D0-8D11-00A0C91BC942}") = "day38_星号含义及形参 实参", "day38_星号的三种含义\day38_星号的三种含义.vcxproj", "{92A8856F-3EDB-4BA8-A788-A8344F3FDC4B}"
EndProject
Project("{8BC9CEB8-8B4A-11D0-8D11-00A0C91BC942}") = "day39_指针使函数返回一个以上的值", "day39_指针使函数返回一个以上的值\day39_指针使函数返回一个以上的值.vcxproj", "{2F3C1C14-E1B9-4ADA-9E1D-1DB93C8B0471}"
EndProject
Project("{8BC9CEB8-8B4A-11D0-8D11-00A0C91BC942}") = "day40_ 指针和数组 暂定", "day40_ 指针和数组\day40_ 指针和数组.vcxproj", "{7787E532-7BE5-4464-B36E-C1AFDB442D51}"
EndProject
Project("{8BC9CEB8-8B4A-11D0-8D11-00A0C91BC942}") = "day41_指针变量的运算", "day41_指针变量的运算\day41_指针变量的运算.vcxproj", "{351C83D1-90C9-4D00-8E84-5512F10094F9}"
EndProject
Project("{8BC9CEB8-8B4A-11D0-8D11-00A0C91BC942}") = "day42_一个指针变量所占的字节 暂定", "day42_一个指针变量所占的字节\day42_一个指针变量所占的字节.vcxproj", "{65556069-3809-4123-ABD7-26D4F76D3E64}"
EndProject
Project("{8BC9CEB8-8B4A-11D0-8D11-00A0C91BC942}") = "day43_动态内存分配", "day43_动态内存分配\day43_动态内存分配.vcxproj", "{A6A4C5CD-0F62-4F6B-B0CF-B4DEEE34E6A2}"
EndProject
Project("{8BC9CEB8-8B4A-11D0-8D11-00A0C91BC942}") = "day44_动态内存分配举例_动态数组的构造1  malloc函数", "day44_动态内存分配举例_动态数组的构造1\day44_动态内存分配举例_动态数组的构造1.vcxproj", "{7BAE6D82-8AD5-4F9C-8128-03AFB98F5CFC}"
EndProject
Project("{8BC9CEB8-8B4A-11D0-8D11-00A0C91BC942}") = "day45_malloc函数的用法 续", "day45_malloc函数的用法 续\day45_malloc函数的用法 续.vcxproj", "{7A337720-A6BC-4F59-842B-BD90345904E8}"
EndProject
Project("{8BC9CEB8-8B4A-11D0-8D11-00A0C91BC942}") = "day46_动态一维数组的构造 暂定", "day46_动态一维数组的构造\day46_动态一维数组的构造.vcxproj", "{101D73D2-F824-42C4-9D58-A225ACF75BF8}"
EndProject
Project("{8BC9CEB8-8B4A-11D0-8D11-00A0C91BC942}") = "day47_多级指针", "day47_动态内存和静态内存的比较\day47_动态内存和静态内存的比较.vcxproj", "{9CE9901C-CAE5-4ABE-88E5-631A47DE162B}"
EndProject
Project("{8BC9CEB8-8B4A-11D0-8D11-00A0C91BC942}") = "day48_跨函数使用内存 暂定", "day48_跨函数使用内存\day48_跨函数使用内存.vcxproj", "{11EFDECB-C9B3-4A3A-B50B-BDCC8D5A812B}"
EndProject
Project("{8BC9CEB8-8B4A-11D0-8D11-00A0C91BC942}") = "day49_结构体", "day49_结构体\day49_结构体.vcxproj", "{CB2F2BAA-29FC-4E7A-8F1F-89BF5F48C9D3}"
EndProject
Project("{8BC9CEB8-8B4A-11D0-8D11-00A0C91BC942}") = "day50_结构体赋值及初始化", "day50_结构体赋值及初始化\day50_结构体赋值及初始化.vcxproj", "{7CFE15A5-CE9B-46E1-BAF9-F28E44258293}"
EndProject
Project("{8BC9CEB8-8B4A-11D0-8D11-00A0C91BC942}") = "day51_何取出结构体变量中的每一个成员", "day51_何取出结构体变量中的每一个成员\day51_何取出结构体变量中的每一个成员.vcxproj", "{49AAB5BE-7DC2-4CCA-9C49-2D4C1974A3EB}"
EndProject
Project("{8BC9CEB8-8B4A-11D0-8D11-00A0C91BC942}") = "day52_体变量和结构体变量指针作为函数参数传递的问题", "day52_体变量和结构体变量指针作为函数参数传递的问题\day52_体变量和结构体变量指针作为函数参数传递的问题.vcxproj", "{DA502ED0-FDEB-45F3-A9DD-9FD7F0C96D34}"
EndProject
Project("{8BC9CEB8-8B4A-11D0-8D11-00A0C91BC942}") = "day53_冒泡排序", "day53_冒泡排序\day53_冒泡排序.vcxproj", "{CA087BDE-99AE-4063-9289-E88D6115AF4C}"
EndProject
Project("{8BC9CEB8-8B4A-11D0-8D11-00A0C91BC942}") = "day54_ 动态构造存放学生信息的结构体数组 暂定", "day54_ 动态构造存放学生信息的结构体数组\day54_ 动态构造存放学生信息的结构体数组.vcxproj", "{BCF0282B-2CFA-49EF-A23C-C6D63EE72A9B}"
EndProject
Project("{8BC9CEB8-8B4A-11D0-8D11-00A0C91BC942}") = "day55_枚举", "day55_枚举\day55_枚举.vcxproj", "{9C438083-F254-4688-9E27-E687C7B660DF}"
EndProject
Project("{8BC9CEB8-8B4A-11D0-8D11-00A0C91BC942}") = "day56_进制转化", "day56_进制转化\day56_进制转化.vcxproj", "{C76EC7B5-F337-474F-A56B-72EB9A540393}"
EndProject
Project("{8BC9CEB8-8B4A-11D0-8D11-00A0C91BC942}") = "day57_补码", "day57_补码\day57_补码.vcxproj", "{F431B4E3-E12A-4641-AC5D-45DB0E4B5111}"
EndProject
Project("{8BC9CEB8-8B4A-11D0-8D11-00A0C91BC942}") = "day58_ 补码2", "day58_ 补码2\day58_ 补码2.vcxproj", "{91D10622-5DC2-4072-B015-B1113B41DA0B}"
EndProject
Project("{8BC9CEB8-8B4A-11D0-8D11-00A0C91BC942}") = "day59_链表", "day59_链表\day59_链表.vcxproj", "{79400300-4D5D-4333-8054-936868BD837F}"
EndProject
Project("{8BC9CEB8-8B4A-11D0-8D11-00A0C91BC942}") = "day60_位运算符", "day60_算法\day60_算法.vcxproj", "{0D9EA65D-1B2A-48A2-BF31-65BA800A9B10}"
EndProject
Project("{8BC9CEB8-8B4A-11D0-8D11-00A0C91BC942}") = "day61_NULL的含义", "day61_NULL的含义\day61_NULL的含义.vcxproj", "{BC7741A3-7622-4900-BD12-3C213ED9C3B7}"
EndProject
Project("{8BC9CEB8-8B4A-11D0-8D11-00A0C91BC942}") = "62_期末总结", "62_期末总结\62_期末总结.vcxproj", "{E45E97DF-A8FD-4D02-AF8C-B1A31E840EC6}"
EndProject
Project("{8BC9CEB8-8B4A-11D0-8D11-00A0C91BC942}") = "C_language", "C_language\C_language.vcxproj", "{C16B0A52-8BB4-4F02-A070-F20C3C665907}"
EndProject
Project("{8BC9CEB8-8B4A-11D0-8D11-00A0C91BC942}") = "大数乘法", "大数乘法\大数乘法.vcxproj", "{967185E5-2774-4D3E-A81B-3C18141DE1E1}"
EndProject
Project("{8BC9CEB8-8B4A-11D0-8D11-00A0C91BC942}") = "C++", "C++\C++.vcxproj", "{11F60919-295E-4C5C-9064-524F1AEDBAE7}"
EndProject
Global
	GlobalSection(SolutionConfigurationPlatforms) = preSolution
		Debug|x64 = Debug|x64
		Debug|x86 = Debug|x86
		Release|x64 = Release|x64
		Release|x86 = Release|x86
	EndGlobalSection
	GlobalSection(ProjectConfigurationPlatforms) = postSolution
		{473D22C4-124C-43F8-8103-007A6B985ABC}.Debug|x64.ActiveCfg = Debug|x64
		{473D22C4-124C-43F8-8103-007A6B985ABC}.Debug|x64.Build.0 = Debug|x64
		{473D22C4-124C-43F8-8103-007A6B985ABC}.Debug|x86.ActiveCfg = Debug|Win32
		{473D22C4-124C-43F8-8103-007A6B985ABC}.Debug|x86.Build.0 = Debug|Win32
		{473D22C4-124C-43F8-8103-007A6B985ABC}.Release|x64.ActiveCfg = Release|x64
		{473D22C4-124C-43F8-8103-007A6B985ABC}.Release|x64.Build.0 = Release|x64
		{473D22C4-124C-43F8-8103-007A6B985ABC}.Release|x86.ActiveCfg = Release|Win32
		{473D22C4-124C-43F8-8103-007A6B985ABC}.Release|x86.Build.0 = Release|Win32
		{6FBFDE2B-BEEC-401E-9CC9-5AEF692AE7AF}.Debug|x64.ActiveCfg = Debug|x64
		{6FBFDE2B-BEEC-401E-9CC9-5AEF692AE7AF}.Debug|x64.Build.0 = Debug|x64
		{6FBFDE2B-BEEC-401E-9CC9-5AEF692AE7AF}.Debug|x86.ActiveCfg = Debug|Win32
		{6FBFDE2B-BEEC-401E-9CC9-5AEF692AE7AF}.Debug|x86.Build.0 = Debug|Win32
		{6FBFDE2B-BEEC-401E-9CC9-5AEF692AE7AF}.Release|x64.ActiveCfg = Release|x64
		{6FBFDE2B-BEEC-401E-9CC9-5AEF692AE7AF}.Release|x64.Build.0 = Release|x64
		{6FBFDE2B-BEEC-401E-9CC9-5AEF692AE7AF}.Release|x86.ActiveCfg = Release|Win32
		{6FBFDE2B-BEEC-401E-9CC9-5AEF692AE7AF}.Release|x86.Build.0 = Release|Win32
		{ECAEC016-3108-4546-AF83-D35D1D3B1605}.Debug|x64.ActiveCfg = Debug|x64
		{ECAEC016-3108-4546-AF83-D35D1D3B1605}.Debug|x64.Build.0 = Debug|x64
		{ECAEC016-3108-4546-AF83-D35D1D3B1605}.Debug|x86.ActiveCfg = Debug|Win32
		{ECAEC016-3108-4546-AF83-D35D1D3B1605}.Debug|x86.Build.0 = Debug|Win32
		{ECAEC016-3108-4546-AF83-D35D1D3B1605}.Release|x64.ActiveCfg = Release|x64
		{ECAEC016-3108-4546-AF83-D35D1D3B1605}.Release|x64.Build.0 = Release|x64
		{ECAEC016-3108-4546-AF83-D35D1D3B1605}.Release|x86.ActiveCfg = Release|Win32
		{ECAEC016-3108-4546-AF83-D35D1D3B1605}.Release|x86.Build.0 = Release|Win32
		{0F27D04C-16BC-496E-A0DA-B472284348F8}.Debug|x64.ActiveCfg = Debug|x64
		{0F27D04C-16BC-496E-A0DA-B472284348F8}.Debug|x64.Build.0 = Debug|x64
		{0F27D04C-16BC-496E-A0DA-B472284348F8}.Debug|x86.ActiveCfg = Debug|Win32
		{0F27D04C-16BC-496E-A0DA-B472284348F8}.Debug|x86.Build.0 = Debug|Win32
		{0F27D04C-16BC-496E-A0DA-B472284348F8}.Release|x64.ActiveCfg = Release|x64
		{0F27D04C-16BC-496E-A0DA-B472284348F8}.Release|x64.Build.0 = Release|x64
		{0F27D04C-16BC-496E-A0DA-B472284348F8}.Release|x86.ActiveCfg = Release|Win32
		{0F27D04C-16BC-496E-A0DA-B472284348F8}.Release|x86.Build.0 = Release|Win32
		{4B21B37E-FF11-4867-AEFF-5E9E08128EBB}.Debug|x64.ActiveCfg = Debug|x64
		{4B21B37E-FF11-4867-AEFF-5E9E08128EBB}.Debug|x64.Build.0 = Debug|x64
		{4B21B37E-FF11-4867-AEFF-5E9E08128EBB}.Debug|x86.ActiveCfg = Debug|Win32
		{4B21B37E-FF11-4867-AEFF-5E9E08128EBB}.Debug|x86.Build.0 = Debug|Win32
		{4B21B37E-FF11-4867-AEFF-5E9E08128EBB}.Release|x64.ActiveCfg = Release|x64
		{4B21B37E-FF11-4867-AEFF-5E9E08128EBB}.Release|x64.Build.0 = Release|x64
		{4B21B37E-FF11-4867-AEFF-5E9E08128EBB}.Release|x86.ActiveCfg = Release|Win32
		{4B21B37E-FF11-4867-AEFF-5E9E08128EBB}.Release|x86.Build.0 = Release|Win32
		{5D0F909A-65D3-45D0-864D-1FE64C09E2AB}.Debug|x64.ActiveCfg = Debug|x64
		{5D0F909A-65D3-45D0-864D-1FE64C09E2AB}.Debug|x64.Build.0 = Debug|x64
		{5D0F909A-65D3-45D0-864D-1FE64C09E2AB}.Debug|x86.ActiveCfg = Debug|Win32
		{5D0F909A-65D3-45D0-864D-1FE64C09E2AB}.Debug|x86.Build.0 = Debug|Win32
		{5D0F909A-65D3-45D0-864D-1FE64C09E2AB}.Release|x64.ActiveCfg = Release|x64
		{5D0F909A-65D3-45D0-864D-1FE64C09E2AB}.Release|x64.Build.0 = Release|x64
		{5D0F909A-65D3-45D0-864D-1FE64C09E2AB}.Release|x86.ActiveCfg = Release|Win32
		{5D0F909A-65D3-45D0-864D-1FE64C09E2AB}.Release|x86.Build.0 = Release|Win32
		{39225681-9A4B-4677-B03B-A0F3755C8CC3}.Debug|x64.ActiveCfg = Debug|x64
		{39225681-9A4B-4677-B03B-A0F3755C8CC3}.Debug|x64.Build.0 = Debug|x64
		{39225681-9A4B-4677-B03B-A0F3755C8CC3}.Debug|x86.ActiveCfg = Debug|Win32
		{39225681-9A4B-4677-B03B-A0F3755C8CC3}.Debug|x86.Build.0 = Debug|Win32
		{39225681-9A4B-4677-B03B-A0F3755C8CC3}.Release|x64.ActiveCfg = Release|x64
		{39225681-9A4B-4677-B03B-A0F3755C8CC3}.Release|x64.Build.0 = Release|x64
		{39225681-9A4B-4677-B03B-A0F3755C8CC3}.Release|x86.ActiveCfg = Release|Win32
		{39225681-9A4B-4677-B03B-A0F3755C8CC3}.Release|x86.Build.0 = Release|Win32
		{28AA7FEF-CD75-42F8-AD42-969384CF1F88}.Debug|x64.ActiveCfg = Debug|x64
		{28AA7FEF-CD75-42F8-AD42-969384CF1F88}.Debug|x64.Build.0 = Debug|x64
		{28AA7FEF-CD75-42F8-AD42-969384CF1F88}.Debug|x86.ActiveCfg = Debug|Win32
		{28AA7FEF-CD75-42F8-AD42-969384CF1F88}.Debug|x86.Build.0 = Debug|Win32
		{28AA7FEF-CD75-42F8-AD42-969384CF1F88}.Release|x64.ActiveCfg = Release|x64
		{28AA7FEF-CD75-42F8-AD42-969384CF1F88}.Release|x64.Build.0 = Release|x64
		{28AA7FEF-CD75-42F8-AD42-969384CF1F88}.Release|x86.ActiveCfg = Release|Win32
		{28AA7FEF-CD75-42F8-AD42-969384CF1F88}.Release|x86.Build.0 = Release|Win32
		{AE7301AE-AFDC-441B-8C3A-507AC16DAC04}.Debug|x64.ActiveCfg = Debug|x64
		{AE7301AE-AFDC-441B-8C3A-507AC16DAC04}.Debug|x64.Build.0 = Debug|x64
		{AE7301AE-AFDC-441B-8C3A-507AC16DAC04}.Debug|x86.ActiveCfg = Debug|Win32
		{AE7301AE-AFDC-441B-8C3A-507AC16DAC04}.Debug|x86.Build.0 = Debug|Win32
		{AE7301AE-AFDC-441B-8C3A-507AC16DAC04}.Release|x64.ActiveCfg = Release|x64
		{AE7301AE-AFDC-441B-8C3A-507AC16DAC04}.Release|x64.Build.0 = Release|x64
		{AE7301AE-AFDC-441B-8C3A-507AC16DAC04}.Release|x86.ActiveCfg = Release|Win32
		{AE7301AE-AFDC-441B-8C3A-507AC16DAC04}.Release|x86.Build.0 = Release|Win32
		{543A1728-0D3D-474C-932B-044EC3B79699}.Debug|x64.ActiveCfg = Debug|x64
		{543A1728-0D3D-474C-932B-044EC3B79699}.Debug|x64.Build.0 = Debug|x64
		{543A1728-0D3D-474C-932B-044EC3B79699}.Debug|x86.ActiveCfg = Debug|Win32
		{543A1728-0D3D-474C-932B-044EC3B79699}.Debug|x86.Build.0 = Debug|Win32
		{543A1728-0D3D-474C-932B-044EC3B79699}.Release|x64.ActiveCfg = Release|x64
		{543A1728-0D3D-474C-932B-044EC3B79699}.Release|x64.Build.0 = Release|x64
		{543A1728-0D3D-474C-932B-044EC3B79699}.Release|x86.ActiveCfg = Release|Win32
		{543A1728-0D3D-474C-932B-044EC3B79699}.Release|x86.Build.0 = Release|Win32
		{C6556A59-A50A-47AD-BE29-E9C7B83F9195}.Debug|x64.ActiveCfg = Debug|x64
		{C6556A59-A50A-47AD-BE29-E9C7B83F9195}.Debug|x64.Build.0 = Debug|x64
		{C6556A59-A50A-47AD-BE29-E9C7B83F9195}.Debug|x86.ActiveCfg = Debug|Win32
		{C6556A59-A50A-47AD-BE29-E9C7B83F9195}.Debug|x86.Build.0 = Debug|Win32
		{C6556A59-A50A-47AD-BE29-E9C7B83F9195}.Release|x64.ActiveCfg = Release|x64
		{C6556A59-A50A-47AD-BE29-E9C7B83F9195}.Release|x64.Build.0 = Release|x64
		{C6556A59-A50A-47AD-BE29-E9C7B83F9195}.Release|x86.ActiveCfg = Release|Win32
		{C6556A59-A50A-47AD-BE29-E9C7B83F9195}.Release|x86.Build.0 = Release|Win32
		{531C92E8-4162-424C-AF9D-99C280273668}.Debug|x64.ActiveCfg = Debug|x64
		{531C92E8-4162-424C-AF9D-99C280273668}.Debug|x64.Build.0 = Debug|x64
		{531C92E8-4162-424C-AF9D-99C280273668}.Debug|x86.ActiveCfg = Debug|Win32
		{531C92E8-4162-424C-AF9D-99C280273668}.Debug|x86.Build.0 = Debug|Win32
		{531C92E8-4162-424C-AF9D-99C280273668}.Release|x64.ActiveCfg = Release|x64
		{531C92E8-4162-424C-AF9D-99C280273668}.Release|x64.Build.0 = Release|x64
		{531C92E8-4162-424C-AF9D-99C280273668}.Release|x86.ActiveCfg = Release|Win32
		{531C92E8-4162-424C-AF9D-99C280273668}.Release|x86.Build.0 = Release|Win32
		{5B1D5F2F-1BFE-4041-A68A-83A87CE55066}.Debug|x64.ActiveCfg = Debug|x64
		{5B1D5F2F-1BFE-4041-A68A-83A87CE55066}.Debug|x64.Build.0 = Debug|x64
		{5B1D5F2F-1BFE-4041-A68A-83A87CE55066}.Debug|x86.ActiveCfg = Debug|Win32
		{5B1D5F2F-1BFE-4041-A68A-83A87CE55066}.Debug|x86.Build.0 = Debug|Win32
		{5B1D5F2F-1BFE-4041-A68A-83A87CE55066}.Release|x64.ActiveCfg = Release|x64
		{5B1D5F2F-1BFE-4041-A68A-83A87CE55066}.Release|x64.Build.0 = Release|x64
		{5B1D5F2F-1BFE-4041-A68A-83A87CE55066}.Release|x86.ActiveCfg = Release|Win32
		{5B1D5F2F-1BFE-4041-A68A-83A87CE55066}.Release|x86.Build.0 = Release|Win32
		{D37E0838-ED95-45DD-838E-C8EEE489A710}.Debug|x64.ActiveCfg = Debug|x64
		{D37E0838-ED95-45DD-838E-C8EEE489A710}.Debug|x64.Build.0 = Debug|x64
		{D37E0838-ED95-45DD-838E-C8EEE489A710}.Debug|x86.ActiveCfg = Debug|Win32
		{D37E0838-ED95-45DD-838E-C8EEE489A710}.Debug|x86.Build.0 = Debug|Win32
		{D37E0838-ED95-45DD-838E-C8EEE489A710}.Release|x64.ActiveCfg = Release|x64
		{D37E0838-ED95-45DD-838E-C8EEE489A710}.Release|x64.Build.0 = Release|x64
		{D37E0838-ED95-45DD-838E-C8EEE489A710}.Release|x86.ActiveCfg = Release|Win32
		{D37E0838-ED95-45DD-838E-C8EEE489A710}.Release|x86.Build.0 = Release|Win32
		{F6C3353A-2875-4D39-9C06-579CBDCB2683}.Debug|x64.ActiveCfg = Debug|x64
		{F6C3353A-2875-4D39-9C06-579CBDCB2683}.Debug|x64.Build.0 = Debug|x64
		{F6C3353A-2875-4D39-9C06-579CBDCB2683}.Debug|x86.ActiveCfg = Debug|Win32
		{F6C3353A-2875-4D39-9C06-579CBDCB2683}.Debug|x86.Build.0 = Debug|Win32
		{F6C3353A-2875-4D39-9C06-579CBDCB2683}.Release|x64.ActiveCfg = Release|x64
		{F6C3353A-2875-4D39-9C06-579CBDCB2683}.Release|x64.Build.0 = Release|x64
		{F6C3353A-2875-4D39-9C06-579CBDCB2683}.Release|x86.ActiveCfg = Release|Win32
		{F6C3353A-2875-4D39-9C06-579CBDCB2683}.Release|x86.Build.0 = Release|Win32
		{4D73EB96-F432-4C88-B406-A1DE7EC598BB}.Debug|x64.ActiveCfg = Debug|x64
		{4D73EB96-F432-4C88-B406-A1DE7EC598BB}.Debug|x64.Build.0 = Debug|x64
		{4D73EB96-F432-4C88-B406-A1DE7EC598BB}.Debug|x86.ActiveCfg = Debug|Win32
		{4D73EB96-F432-4C88-B406-A1DE7EC598BB}.Debug|x86.Build.0 = Debug|Win32
		{4D73EB96-F432-4C88-B406-A1DE7EC598BB}.Release|x64.ActiveCfg = Release|x64
		{4D73EB96-F432-4C88-B406-A1DE7EC598BB}.Release|x64.Build.0 = Release|x64
		{4D73EB96-F432-4C88-B406-A1DE7EC598BB}.Release|x86.ActiveCfg = Release|Win32
		{4D73EB96-F432-4C88-B406-A1DE7EC598BB}.Release|x86.Build.0 = Release|Win32
		{8D3CE930-8EED-4A57-B0F4-68B770CEFAF0}.Debug|x64.ActiveCfg = Debug|x64
		{8D3CE930-8EED-4A57-B0F4-68B770CEFAF0}.Debug|x64.Build.0 = Debug|x64
		{8D3CE930-8EED-4A57-B0F4-68B770CEFAF0}.Debug|x86.ActiveCfg = Debug|Win32
		{8D3CE930-8EED-4A57-B0F4-68B770CEFAF0}.Debug|x86.Build.0 = Debug|Win32
		{8D3CE930-8EED-4A57-B0F4-68B770CEFAF0}.Release|x64.ActiveCfg = Release|x64
		{8D3CE930-8EED-4A57-B0F4-68B770CEFAF0}.Release|x64.Build.0 = Release|x64
		{8D3CE930-8EED-4A57-B0F4-68B770CEFAF0}.Release|x86.ActiveCfg = Release|Win32
		{8D3CE930-8EED-4A57-B0F4-68B770CEFAF0}.Release|x86.Build.0 = Release|Win32
		{1F501A7F-41D8-434A-A01F-9033783FB476}.Debug|x64.ActiveCfg = Debug|x64
		{1F501A7F-41D8-434A-A01F-9033783FB476}.Debug|x64.Build.0 = Debug|x64
		{1F501A7F-41D8-434A-A01F-9033783FB476}.Debug|x86.ActiveCfg = Debug|Win32
		{1F501A7F-41D8-434A-A01F-9033783FB476}.Debug|x86.Build.0 = Debug|Win32
		{1F501A7F-41D8-434A-A01F-9033783FB476}.Release|x64.ActiveCfg = Release|x64
		{1F501A7F-41D8-434A-A01F-9033783FB476}.Release|x64.Build.0 = Release|x64
		{1F501A7F-41D8-434A-A01F-9033783FB476}.Release|x86.ActiveCfg = Release|Win32
		{1F501A7F-41D8-434A-A01F-9033783FB476}.Release|x86.Build.0 = Release|Win32
		{7DFEC9DA-4CAE-425A-95CC-FA4BE46A58FC}.Debug|x64.ActiveCfg = Debug|x64
		{7DFEC9DA-4CAE-425A-95CC-FA4BE46A58FC}.Debug|x64.Build.0 = Debug|x64
		{7DFEC9DA-4CAE-425A-95CC-FA4BE46A58FC}.Debug|x86.ActiveCfg = Debug|Win32
		{7DFEC9DA-4CAE-425A-95CC-FA4BE46A58FC}.Debug|x86.Build.0 = Debug|Win32
		{7DFEC9DA-4CAE-425A-95CC-FA4BE46A58FC}.Release|x64.ActiveCfg = Release|x64
		{7DFEC9DA-4CAE-425A-95CC-FA4BE46A58FC}.Release|x64.Build.0 = Release|x64
		{7DFEC9DA-4CAE-425A-95CC-FA4BE46A58FC}.Release|x86.ActiveCfg = Release|Win32
		{7DFEC9DA-4CAE-425A-95CC-FA4BE46A58FC}.Release|x86.Build.0 = Release|Win32
		{A155EA79-45F4-49C1-B944-488A98E8CF94}.Debug|x64.ActiveCfg = Debug|x64
		{A155EA79-45F4-49C1-B944-488A98E8CF94}.Debug|x64.Build.0 = Debug|x64
		{A155EA79-45F4-49C1-B944-488A98E8CF94}.Debug|x86.ActiveCfg = Debug|Win32
		{A155EA79-45F4-49C1-B944-488A98E8CF94}.Debug|x86.Build.0 = Debug|Win32
		{A155EA79-45F4-49C1-B944-488A98E8CF94}.Release|x64.ActiveCfg = Release|x64
		{A155EA79-45F4-49C1-B944-488A98E8CF94}.Release|x64.Build.0 = Release|x64
		{A155EA79-45F4-49C1-B944-488A98E8CF94}.Release|x86.ActiveCfg = Release|Win32
		{A155EA79-45F4-49C1-B944-488A98E8CF94}.Release|x86.Build.0 = Release|Win32
		{BD679720-39F2-4D93-8CBF-B70C12C57F77}.Debug|x64.ActiveCfg = Debug|x64
		{BD679720-39F2-4D93-8CBF-B70C12C57F77}.Debug|x64.Build.0 = Debug|x64
		{BD679720-39F2-4D93-8CBF-B70C12C57F77}.Debug|x86.ActiveCfg = Debug|Win32
		{BD679720-39F2-4D93-8CBF-B70C12C57F77}.Debug|x86.Build.0 = Debug|Win32
		{BD679720-39F2-4D93-8CBF-B70C12C57F77}.Release|x64.ActiveCfg = Release|x64
		{BD679720-39F2-4D93-8CBF-B70C12C57F77}.Release|x64.Build.0 = Release|x64
		{BD679720-39F2-4D93-8CBF-B70C12C57F77}.Release|x86.ActiveCfg = Release|Win32
		{BD679720-39F2-4D93-8CBF-B70C12C57F77}.Release|x86.Build.0 = Release|Win32
		{2E4C2F0F-7B55-4282-B295-F0F07CA5188D}.Debug|x64.ActiveCfg = Debug|x64
		{2E4C2F0F-7B55-4282-B295-F0F07CA5188D}.Debug|x64.Build.0 = Debug|x64
		{2E4C2F0F-7B55-4282-B295-F0F07CA5188D}.Debug|x86.ActiveCfg = Debug|Win32
		{2E4C2F0F-7B55-4282-B295-F0F07CA5188D}.Debug|x86.Build.0 = Debug|Win32
		{2E4C2F0F-7B55-4282-B295-F0F07CA5188D}.Release|x64.ActiveCfg = Release|x64
		{2E4C2F0F-7B55-4282-B295-F0F07CA5188D}.Release|x64.Build.0 = Release|x64
		{2E4C2F0F-7B55-4282-B295-F0F07CA5188D}.Release|x86.ActiveCfg = Release|Win32
		{2E4C2F0F-7B55-4282-B295-F0F07CA5188D}.Release|x86.Build.0 = Release|Win32
		{5A0D0C21-5ADE-4E8F-9A26-74D195DDF571}.Debug|x64.ActiveCfg = Debug|x64
		{5A0D0C21-5ADE-4E8F-9A26-74D195DDF571}.Debug|x64.Build.0 = Debug|x64
		{5A0D0C21-5ADE-4E8F-9A26-74D195DDF571}.Debug|x86.ActiveCfg = Debug|Win32
		{5A0D0C21-5ADE-4E8F-9A26-74D195DDF571}.Debug|x86.Build.0 = Debug|Win32
		{5A0D0C21-5ADE-4E8F-9A26-74D195DDF571}.Release|x64.ActiveCfg = Release|x64
		{5A0D0C21-5ADE-4E8F-9A26-74D195DDF571}.Release|x64.Build.0 = Release|x64
		{5A0D0C21-5ADE-4E8F-9A26-74D195DDF571}.Release|x86.ActiveCfg = Release|Win32
		{5A0D0C21-5ADE-4E8F-9A26-74D195DDF571}.Release|x86.Build.0 = Release|Win32
		{257DBB6B-8F9E-4C0A-8AC2-FEEA9F274D6C}.Debug|x64.ActiveCfg = Debug|x64
		{257DBB6B-8F9E-4C0A-8AC2-FEEA9F274D6C}.Debug|x64.Build.0 = Debug|x64
		{257DBB6B-8F9E-4C0A-8AC2-FEEA9F274D6C}.Debug|x86.ActiveCfg = Debug|Win32
		{257DBB6B-8F9E-4C0A-8AC2-FEEA9F274D6C}.Debug|x86.Build.0 = Debug|Win32
		{257DBB6B-8F9E-4C0A-8AC2-FEEA9F274D6C}.Release|x64.ActiveCfg = Release|x64
		{257DBB6B-8F9E-4C0A-8AC2-FEEA9F274D6C}.Release|x64.Build.0 = Release|x64
		{257DBB6B-8F9E-4C0A-8AC2-FEEA9F274D6C}.Release|x86.ActiveCfg = Release|Win32
		{257DBB6B-8F9E-4C0A-8AC2-FEEA9F274D6C}.Release|x86.Build.0 = Release|Win32
		{85CBA94E-6D45-4816-8DCE-14EC1A508A2B}.Debug|x64.ActiveCfg = Debug|x64
		{85CBA94E-6D45-4816-8DCE-14EC1A508A2B}.Debug|x64.Build.0 = Debug|x64
		{85CBA94E-6D45-4816-8DCE-14EC1A508A2B}.Debug|x86.ActiveCfg = Debug|Win32
		{85CBA94E-6D45-4816-8DCE-14EC1A508A2B}.Debug|x86.Build.0 = Debug|Win32
		{85CBA94E-6D45-4816-8DCE-14EC1A508A2B}.Release|x64.ActiveCfg = Release|x64
		{85CBA94E-6D45-4816-8DCE-14EC1A508A2B}.Release|x64.Build.0 = Release|x64
		{85CBA94E-6D45-4816-8DCE-14EC1A508A2B}.Release|x86.ActiveCfg = Release|Win32
		{85CBA94E-6D45-4816-8DCE-14EC1A508A2B}.Release|x86.Build.0 = Release|Win32
		{1920D98C-7BBE-4756-A1E3-0E059252D7F4}.Debug|x64.ActiveCfg = Debug|x64
		{1920D98C-7BBE-4756-A1E3-0E059252D7F4}.Debug|x64.Build.0 = Debug|x64
		{1920D98C-7BBE-4756-A1E3-0E059252D7F4}.Debug|x86.ActiveCfg = Debug|Win32
		{1920D98C-7BBE-4756-A1E3-0E059252D7F4}.Debug|x86.Build.0 = Debug|Win32
		{1920D98C-7BBE-4756-A1E3-0E059252D7F4}.Release|x64.ActiveCfg = Release|x64
		{1920D98C-7BBE-4756-A1E3-0E059252D7F4}.Release|x64.Build.0 = Release|x64
		{1920D98C-7BBE-4756-A1E3-0E059252D7F4}.Release|x86.ActiveCfg = Release|Win32
		{1920D98C-7BBE-4756-A1E3-0E059252D7F4}.Release|x86.Build.0 = Release|Win32
		{50F23089-5DDA-498E-BA26-C4829899BC14}.Debug|x64.ActiveCfg = Debug|x64
		{50F23089-5DDA-498E-BA26-C4829899BC14}.Debug|x64.Build.0 = Debug|x64
		{50F23089-5DDA-498E-BA26-C4829899BC14}.Debug|x86.ActiveCfg = Debug|Win32
		{50F23089-5DDA-498E-BA26-C4829899BC14}.Debug|x86.Build.0 = Debug|Win32
		{50F23089-5DDA-498E-BA26-C4829899BC14}.Release|x64.ActiveCfg = Release|x64
		{50F23089-5DDA-498E-BA26-C4829899BC14}.Release|x64.Build.0 = Release|x64
		{50F23089-5DDA-498E-BA26-C4829899BC14}.Release|x86.ActiveCfg = Release|Win32
		{50F23089-5DDA-498E-BA26-C4829899BC14}.Release|x86.Build.0 = Release|Win32
		{4E2470EC-55A9-4C53-BD12-0329C1A5076E}.Debug|x64.ActiveCfg = Debug|x64
		{4E2470EC-55A9-4C53-BD12-0329C1A5076E}.Debug|x64.Build.0 = Debug|x64
		{4E2470EC-55A9-4C53-BD12-0329C1A5076E}.Debug|x86.ActiveCfg = Debug|Win32
		{4E2470EC-55A9-4C53-BD12-0329C1A5076E}.Debug|x86.Build.0 = Debug|Win32
		{4E2470EC-55A9-4C53-BD12-0329C1A5076E}.Release|x64.ActiveCfg = Release|x64
		{4E2470EC-55A9-4C53-BD12-0329C1A5076E}.Release|x64.Build.0 = Release|x64
		{4E2470EC-55A9-4C53-BD12-0329C1A5076E}.Release|x86.ActiveCfg = Release|Win32
		{4E2470EC-55A9-4C53-BD12-0329C1A5076E}.Release|x86.Build.0 = Release|Win32
		{AED93F85-A19A-4E12-BA27-55BB24E7A04A}.Debug|x64.ActiveCfg = Debug|x64
		{AED93F85-A19A-4E12-BA27-55BB24E7A04A}.Debug|x64.Build.0 = Debug|x64
		{AED93F85-A19A-4E12-BA27-55BB24E7A04A}.Debug|x86.ActiveCfg = Debug|Win32
		{AED93F85-A19A-4E12-BA27-55BB24E7A04A}.Debug|x86.Build.0 = Debug|Win32
		{AED93F85-A19A-4E12-BA27-55BB24E7A04A}.Release|x64.ActiveCfg = Release|x64
		{AED93F85-A19A-4E12-BA27-55BB24E7A04A}.Release|x64.Build.0 = Release|x64
		{AED93F85-A19A-4E12-BA27-55BB24E7A04A}.Release|x86.ActiveCfg = Release|Win32
		{AED93F85-A19A-4E12-BA27-55BB24E7A04A}.Release|x86.Build.0 = Release|Win32
		{2D6509F3-B0B4-4DE4-8955-D5AE0E4B1F7C}.Debug|x64.ActiveCfg = Debug|x64
		{2D6509F3-B0B4-4DE4-8955-D5AE0E4B1F7C}.Debug|x64.Build.0 = Debug|x64
		{2D6509F3-B0B4-4DE4-8955-D5AE0E4B1F7C}.Debug|x86.ActiveCfg = Debug|Win32
		{2D6509F3-B0B4-4DE4-8955-D5AE0E4B1F7C}.Debug|x86.Build.0 = Debug|Win32
		{2D6509F3-B0B4-4DE4-8955-D5AE0E4B1F7C}.Release|x64.ActiveCfg = Release|x64
		{2D6509F3-B0B4-4DE4-8955-D5AE0E4B1F7C}.Release|x64.Build.0 = Release|x64
		{2D6509F3-B0B4-4DE4-8955-D5AE0E4B1F7C}.Release|x86.ActiveCfg = Release|Win32
		{2D6509F3-B0B4-4DE4-8955-D5AE0E4B1F7C}.Release|x86.Build.0 = Release|Win32
		{2872FD70-9197-4960-AE8C-26807CA09095}.Debug|x64.ActiveCfg = Debug|x64
		{2872FD70-9197-4960-AE8C-26807CA09095}.Debug|x64.Build.0 = Debug|x64
		{2872FD70-9197-4960-AE8C-26807CA09095}.Debug|x86.ActiveCfg = Debug|Win32
		{2872FD70-9197-4960-AE8C-26807CA09095}.Debug|x86.Build.0 = Debug|Win32
		{2872FD70-9197-4960-AE8C-26807CA09095}.Release|x64.ActiveCfg = Release|x64
		{2872FD70-9197-4960-AE8C-26807CA09095}.Release|x64.Build.0 = Release|x64
		{2872FD70-9197-4960-AE8C-26807CA09095}.Release|x86.ActiveCfg = Release|Win32
		{2872FD70-9197-4960-AE8C-26807CA09095}.Release|x86.Build.0 = Release|Win32
		{C432F4B1-08D7-4B0B-8A53-29F57E9CD773}.Debug|x64.ActiveCfg = Debug|x64
		{C432F4B1-08D7-4B0B-8A53-29F57E9CD773}.Debug|x64.Build.0 = Debug|x64
		{C432F4B1-08D7-4B0B-8A53-29F57E9CD773}.Debug|x86.ActiveCfg = Debug|Win32
		{C432F4B1-08D7-4B0B-8A53-29F57E9CD773}.Debug|x86.Build.0 = Debug|Win32
		{C432F4B1-08D7-4B0B-8A53-29F57E9CD773}.Release|x64.ActiveCfg = Release|x64
		{C432F4B1-08D7-4B0B-8A53-29F57E9CD773}.Release|x64.Build.0 = Release|x64
		{C432F4B1-08D7-4B0B-8A53-29F57E9CD773}.Release|x86.ActiveCfg = Release|Win32
		{C432F4B1-08D7-4B0B-8A53-29F57E9CD773}.Release|x86.Build.0 = Release|Win32
		{40E19ED3-7BF9-4581-97E1-099C7365B6BE}.Debug|x64.ActiveCfg = Debug|x64
		{40E19ED3-7BF9-4581-97E1-099C7365B6BE}.Debug|x64.Build.0 = Debug|x64
		{40E19ED3-7BF9-4581-97E1-099C7365B6BE}.Debug|x86.ActiveCfg = Debug|Win32
		{40E19ED3-7BF9-4581-97E1-099C7365B6BE}.Debug|x86.Build.0 = Debug|Win32
		{40E19ED3-7BF9-4581-97E1-099C7365B6BE}.Release|x64.ActiveCfg = Release|x64
		{40E19ED3-7BF9-4581-97E1-099C7365B6BE}.Release|x64.Build.0 = Release|x64
		{40E19ED3-7BF9-4581-97E1-099C7365B6BE}.Release|x86.ActiveCfg = Release|Win32
		{40E19ED3-7BF9-4581-97E1-099C7365B6BE}.Release|x86.Build.0 = Release|Win32
		{9FEC05F5-611A-4E07-9243-C3223AFE2E7D}.Debug|x64.ActiveCfg = Debug|x64
		{9FEC05F5-611A-4E07-9243-C3223AFE2E7D}.Debug|x64.Build.0 = Debug|x64
		{9FEC05F5-611A-4E07-9243-C3223AFE2E7D}.Debug|x86.ActiveCfg = Debug|Win32
		{9FEC05F5-611A-4E07-9243-C3223AFE2E7D}.Debug|x86.Build.0 = Debug|Win32
		{9FEC05F5-611A-4E07-9243-C3223AFE2E7D}.Release|x64.ActiveCfg = Release|x64
		{9FEC05F5-611A-4E07-9243-C3223AFE2E7D}.Release|x64.Build.0 = Release|x64
		{9FEC05F5-611A-4E07-9243-C3223AFE2E7D}.Release|x86.ActiveCfg = Release|Win32
		{9FEC05F5-611A-4E07-9243-C3223AFE2E7D}.Release|x86.Build.0 = Release|Win32
		{C02E5018-C4F0-4D79-9238-83FA47670AB7}.Debug|x64.ActiveCfg = Debug|x64
		{C02E5018-C4F0-4D79-9238-83FA47670AB7}.Debug|x64.Build.0 = Debug|x64
		{C02E5018-C4F0-4D79-9238-83FA47670AB7}.Debug|x86.ActiveCfg = Debug|Win32
		{C02E5018-C4F0-4D79-9238-83FA47670AB7}.Debug|x86.Build.0 = Debug|Win32
		{C02E5018-C4F0-4D79-9238-83FA47670AB7}.Release|x64.ActiveCfg = Release|x64
		{C02E5018-C4F0-4D79-9238-83FA47670AB7}.Release|x64.Build.0 = Release|x64
		{C02E5018-C4F0-4D79-9238-83FA47670AB7}.Release|x86.ActiveCfg = Release|Win32
		{C02E5018-C4F0-4D79-9238-83FA47670AB7}.Release|x86.Build.0 = Release|Win32
		{B04E537A-C814-4371-8DC0-6F025A45D5FA}.Debug|x64.ActiveCfg = Debug|x64
		{B04E537A-C814-4371-8DC0-6F025A45D5FA}.Debug|x64.Build.0 = Debug|x64
		{B04E537A-C814-4371-8DC0-6F025A45D5FA}.Debug|x86.ActiveCfg = Debug|Win32
		{B04E537A-C814-4371-8DC0-6F025A45D5FA}.Debug|x86.Build.0 = Debug|Win32
		{B04E537A-C814-4371-8DC0-6F025A45D5FA}.Release|x64.ActiveCfg = Release|x64
		{B04E537A-C814-4371-8DC0-6F025A45D5FA}.Release|x64.Build.0 = Release|x64
		{B04E537A-C814-4371-8DC0-6F025A45D5FA}.Release|x86.ActiveCfg = Release|Win32
		{B04E537A-C814-4371-8DC0-6F025A45D5FA}.Release|x86.Build.0 = Release|Win32
		{FEC97B3E-5040-4A2F-B9C2-C3EF57A24B05}.Debug|x64.ActiveCfg = Debug|x64
		{FEC97B3E-5040-4A2F-B9C2-C3EF57A24B05}.Debug|x64.Build.0 = Debug|x64
		{FEC97B3E-5040-4A2F-B9C2-C3EF57A24B05}.Debug|x86.ActiveCfg = Debug|Win32
		{FEC97B3E-5040-4A2F-B9C2-C3EF57A24B05}.Debug|x86.Build.0 = Debug|Win32
		{FEC97B3E-5040-4A2F-B9C2-C3EF57A24B05}.Release|x64.ActiveCfg = Release|x64
		{FEC97B3E-5040-4A2F-B9C2-C3EF57A24B05}.Release|x64.Build.0 = Release|x64
		{FEC97B3E-5040-4A2F-B9C2-C3EF57A24B05}.Release|x86.ActiveCfg = Release|Win32
		{FEC97B3E-5040-4A2F-B9C2-C3EF57A24B05}.Release|x86.Build.0 = Release|Win32
		{DC04E5D0-4A1D-44F7-809B-E7AAC3CC6CC2}.Debug|x64.ActiveCfg = Debug|x64
		{DC04E5D0-4A1D-44F7-809B-E7AAC3CC6CC2}.Debug|x64.Build.0 = Debug|x64
		{DC04E5D0-4A1D-44F7-809B-E7AAC3CC6CC2}.Debug|x86.ActiveCfg = Debug|Win32
		{DC04E5D0-4A1D-44F7-809B-E7AAC3CC6CC2}.Debug|x86.Build.0 = Debug|Win32
		{DC04E5D0-4A1D-44F7-809B-E7AAC3CC6CC2}.Release|x64.ActiveCfg = Release|x64
		{DC04E5D0-4A1D-44F7-809B-E7AAC3CC6CC2}.Release|x64.Build.0 = Release|x64
		{DC04E5D0-4A1D-44F7-809B-E7AAC3CC6CC2}.Release|x86.ActiveCfg = Release|Win32
		{DC04E5D0-4A1D-44F7-809B-E7AAC3CC6CC2}.Release|x86.Build.0 = Release|Win32
		{4A7521EC-1239-4628-B851-529E80F49E87}.Debug|x64.ActiveCfg = Debug|x64
		{4A7521EC-1239-4628-B851-529E80F49E87}.Debug|x64.Build.0 = Debug|x64
		{4A7521EC-1239-4628-B851-529E80F49E87}.Debug|x86.ActiveCfg = Debug|Win32
		{4A7521EC-1239-4628-B851-529E80F49E87}.Debug|x86.Build.0 = Debug|Win32
		{4A7521EC-1239-4628-B851-529E80F49E87}.Release|x64.ActiveCfg = Release|x64
		{4A7521EC-1239-4628-B851-529E80F49E87}.Release|x64.Build.0 = Release|x64
		{4A7521EC-1239-4628-B851-529E80F49E87}.Release|x86.ActiveCfg = Release|Win32
		{4A7521EC-1239-4628-B851-529E80F49E87}.Release|x86.Build.0 = Release|Win32
		{54070A4A-02E1-4EAA-97CB-F66302BF8F84}.Debug|x64.ActiveCfg = Debug|x64
		{54070A4A-02E1-4EAA-97CB-F66302BF8F84}.Debug|x64.Build.0 = Debug|x64
		{54070A4A-02E1-4EAA-97CB-F66302BF8F84}.Debug|x86.ActiveCfg = Debug|Win32
		{54070A4A-02E1-4EAA-97CB-F66302BF8F84}.Debug|x86.Build.0 = Debug|Win32
		{54070A4A-02E1-4EAA-97CB-F66302BF8F84}.Release|x64.ActiveCfg = Release|x64
		{54070A4A-02E1-4EAA-97CB-F66302BF8F84}.Release|x64.Build.0 = Release|x64
		{54070A4A-02E1-4EAA-97CB-F66302BF8F84}.Release|x86.ActiveCfg = Release|Win32
		{54070A4A-02E1-4EAA-97CB-F66302BF8F84}.Release|x86.Build.0 = Release|Win32
		{5DE663EA-A72C-4D27-B7F8-1792C4E56999}.Debug|x64.ActiveCfg = Debug|x64
		{5DE663EA-A72C-4D27-B7F8-1792C4E56999}.Debug|x64.Build.0 = Debug|x64
		{5DE663EA-A72C-4D27-B7F8-1792C4E56999}.Debug|x86.ActiveCfg = Debug|Win32
		{5DE663EA-A72C-4D27-B7F8-1792C4E56999}.Debug|x86.Build.0 = Debug|Win32
		{5DE663EA-A72C-4D27-B7F8-1792C4E56999}.Release|x64.ActiveCfg = Release|x64
		{5DE663EA-A72C-4D27-B7F8-1792C4E56999}.Release|x64.Build.0 = Release|x64
		{5DE663EA-A72C-4D27-B7F8-1792C4E56999}.Release|x86.ActiveCfg = Release|Win32
		{5DE663EA-A72C-4D27-B7F8-1792C4E56999}.Release|x86.Build.0 = Release|Win32
		{52054FE5-9DE5-4D69-B148-CF0E48D49E5D}.Debug|x64.ActiveCfg = Debug|x64
		{52054FE5-9DE5-4D69-B148-CF0E48D49E5D}.Debug|x64.Build.0 = Debug|x64
		{52054FE5-9DE5-4D69-B148-CF0E48D49E5D}.Debug|x86.ActiveCfg = Debug|Win32
		{52054FE5-9DE5-4D69-B148-CF0E48D49E5D}.Debug|x86.Build.0 = Debug|Win32
		{52054FE5-9DE5-4D69-B148-CF0E48D49E5D}.Release|x64.ActiveCfg = Release|x64
		{52054FE5-9DE5-4D69-B148-CF0E48D49E5D}.Release|x64.Build.0 = Release|x64
		{52054FE5-9DE5-4D69-B148-CF0E48D49E5D}.Release|x86.ActiveCfg = Release|Win32
		{52054FE5-9DE5-4D69-B148-CF0E48D49E5D}.Release|x86.Build.0 = Release|Win32
		{92A8856F-3EDB-4BA8-A788-A8344F3FDC4B}.Debug|x64.ActiveCfg = Debug|x64
		{92A8856F-3EDB-4BA8-A788-A8344F3FDC4B}.Debug|x64.Build.0 = Debug|x64
		{92A8856F-3EDB-4BA8-A788-A8344F3FDC4B}.Debug|x86.ActiveCfg = Debug|Win32
		{92A8856F-3EDB-4BA8-A788-A8344F3FDC4B}.Debug|x86.Build.0 = Debug|Win32
		{92A8856F-3EDB-4BA8-A788-A8344F3FDC4B}.Release|x64.ActiveCfg = Release|x64
		{92A8856F-3EDB-4BA8-A788-A8344F3FDC4B}.Release|x64.Build.0 = Release|x64
		{92A8856F-3EDB-4BA8-A788-A8344F3FDC4B}.Release|x86.ActiveCfg = Release|Win32
		{92A8856F-3EDB-4BA8-A788-A8344F3FDC4B}.Release|x86.Build.0 = Release|Win32
		{2F3C1C14-E1B9-4ADA-9E1D-1DB93C8B0471}.Debug|x64.ActiveCfg = Debug|x64
		{2F3C1C14-E1B9-4ADA-9E1D-1DB93C8B0471}.Debug|x64.Build.0 = Debug|x64
		{2F3C1C14-E1B9-4ADA-9E1D-1DB93C8B0471}.Debug|x86.ActiveCfg = Debug|Win32
		{2F3C1C14-E1B9-4ADA-9E1D-1DB93C8B0471}.Debug|x86.Build.0 = Debug|Win32
		{2F3C1C14-E1B9-4ADA-9E1D-1DB93C8B0471}.Release|x64.ActiveCfg = Release|x64
		{2F3C1C14-E1B9-4ADA-9E1D-1DB93C8B0471}.Release|x64.Build.0 = Release|x64
		{2F3C1C14-E1B9-4ADA-9E1D-1DB93C8B0471}.Release|x86.ActiveCfg = Release|Win32
		{2F3C1C14-E1B9-4ADA-9E1D-1DB93C8B0471}.Release|x86.Build.0 = Release|Win32
		{7787E532-7BE5-4464-B36E-C1AFDB442D51}.Debug|x64.ActiveCfg = Debug|x64
		{7787E532-7BE5-4464-B36E-C1AFDB442D51}.Debug|x64.Build.0 = Debug|x64
		{7787E532-7BE5-4464-B36E-C1AFDB442D51}.Debug|x86.ActiveCfg = Debug|Win32
		{7787E532-7BE5-4464-B36E-C1AFDB442D51}.Debug|x86.Build.0 = Debug|Win32
		{7787E532-7BE5-4464-B36E-C1AFDB442D51}.Release|x64.ActiveCfg = Release|x64
		{7787E532-7BE5-4464-B36E-C1AFDB442D51}.Release|x64.Build.0 = Release|x64
		{7787E532-7BE5-4464-B36E-C1AFDB442D51}.Release|x86.ActiveCfg = Release|Win32
		{7787E532-7BE5-4464-B36E-C1AFDB442D51}.Release|x86.Build.0 = Release|Win32
		{351C83D1-90C9-4D00-8E84-5512F10094F9}.Debug|x64.ActiveCfg = Debug|x64
		{351C83D1-90C9-4D00-8E84-5512F10094F9}.Debug|x64.Build.0 = Debug|x64
		{351C83D1-90C9-4D00-8E84-5512F10094F9}.Debug|x86.ActiveCfg = Debug|Win32
		{351C83D1-90C9-4D00-8E84-5512F10094F9}.Debug|x86.Build.0 = Debug|Win32
		{351C83D1-90C9-4D00-8E84-5512F10094F9}.Release|x64.ActiveCfg = Release|x64
		{351C83D1-90C9-4D00-8E84-5512F10094F9}.Release|x64.Build.0 = Release|x64
		{351C83D1-90C9-4D00-8E84-5512F10094F9}.Release|x86.ActiveCfg = Release|Win32
		{351C83D1-90C9-4D00-8E84-5512F10094F9}.Release|x86.Build.0 = Release|Win32
		{65556069-3809-4123-ABD7-26D4F76D3E64}.Debug|x64.ActiveCfg = Debug|x64
		{65556069-3809-4123-ABD7-26D4F76D3E64}.Debug|x64.Build.0 = Debug|x64
		{65556069-3809-4123-ABD7-26D4F76D3E64}.Debug|x86.ActiveCfg = Debug|Win32
		{65556069-3809-4123-ABD7-26D4F76D3E64}.Debug|x86.Build.0 = Debug|Win32
		{65556069-3809-4123-ABD7-26D4F76D3E64}.Release|x64.ActiveCfg = Release|x64
		{65556069-3809-4123-ABD7-26D4F76D3E64}.Release|x64.Build.0 = Release|x64
		{65556069-3809-4123-ABD7-26D4F76D3E64}.Release|x86.ActiveCfg = Release|Win32
		{65556069-3809-4123-ABD7-26D4F76D3E64}.Release|x86.Build.0 = Release|Win32
		{A6A4C5CD-0F62-4F6B-B0CF-B4DEEE34E6A2}.Debug|x64.ActiveCfg = Debug|x64
		{A6A4C5CD-0F62-4F6B-B0CF-B4DEEE34E6A2}.Debug|x64.Build.0 = Debug|x64
		{A6A4C5CD-0F62-4F6B-B0CF-B4DEEE34E6A2}.Debug|x86.ActiveCfg = Debug|Win32
		{A6A4C5CD-0F62-4F6B-B0CF-B4DEEE34E6A2}.Debug|x86.Build.0 = Debug|Win32
		{A6A4C5CD-0F62-4F6B-B0CF-B4DEEE34E6A2}.Release|x64.ActiveCfg = Release|x64
		{A6A4C5CD-0F62-4F6B-B0CF-B4DEEE34E6A2}.Release|x64.Build.0 = Release|x64
		{A6A4C5CD-0F62-4F6B-B0CF-B4DEEE34E6A2}.Release|x86.ActiveCfg = Release|Win32
		{A6A4C5CD-0F62-4F6B-B0CF-B4DEEE34E6A2}.Release|x86.Build.0 = Release|Win32
		{7BAE6D82-8AD5-4F9C-8128-03AFB98F5CFC}.Debug|x64.ActiveCfg = Debug|x64
		{7BAE6D82-8AD5-4F9C-8128-03AFB98F5CFC}.Debug|x64.Build.0 = Debug|x64
		{7BAE6D82-8AD5-4F9C-8128-03AFB98F5CFC}.Debug|x86.ActiveCfg = Debug|Win32
		{7BAE6D82-8AD5-4F9C-8128-03AFB98F5CFC}.Debug|x86.Build.0 = Debug|Win32
		{7BAE6D82-8AD5-4F9C-8128-03AFB98F5CFC}.Release|x64.ActiveCfg = Release|x64
		{7BAE6D82-8AD5-4F9C-8128-03AFB98F5CFC}.Release|x64.Build.0 = Release|x64
		{7BAE6D82-8AD5-4F9C-8128-03AFB98F5CFC}.Release|x86.ActiveCfg = Release|Win32
		{7BAE6D82-8AD5-4F9C-8128-03AFB98F5CFC}.Release|x86.Build.0 = Release|Win32
		{7A337720-A6BC-4F59-842B-BD90345904E8}.Debug|x64.ActiveCfg = Debug|x64
		{7A337720-A6BC-4F59-842B-BD90345904E8}.Debug|x64.Build.0 = Debug|x64
		{7A337720-A6BC-4F59-842B-BD90345904E8}.Debug|x86.ActiveCfg = Debug|Win32
		{7A337720-A6BC-4F59-842B-BD90345904E8}.Debug|x86.Build.0 = Debug|Win32
		{7A337720-A6BC-4F59-842B-BD90345904E8}.Release|x64.ActiveCfg = Release|x64
		{7A337720-A6BC-4F59-842B-BD90345904E8}.Release|x64.Build.0 = Release|x64
		{7A337720-A6BC-4F59-842B-BD90345904E8}.Release|x86.ActiveCfg = Release|Win32
		{7A337720-A6BC-4F59-842B-BD90345904E8}.Release|x86.Build.0 = Release|Win32
		{101D73D2-F824-42C4-9D58-A225ACF75BF8}.Debug|x64.ActiveCfg = Debug|x64
		{101D73D2-F824-42C4-9D58-A225ACF75BF8}.Debug|x64.Build.0 = Debug|x64
		{101D73D2-F824-42C4-9D58-A225ACF75BF8}.Debug|x86.ActiveCfg = Debug|Win32
		{101D73D2-F824-42C4-9D58-A225ACF75BF8}.Debug|x86.Build.0 = Debug|Win32
		{101D73D2-F824-42C4-9D58-A225ACF75BF8}.Release|x64.ActiveCfg = Release|x64
		{101D73D2-F824-42C4-9D58-A225ACF75BF8}.Release|x64.Build.0 = Release|x64
		{101D73D2-F824-42C4-9D58-A225ACF75BF8}.Release|x86.ActiveCfg = Release|Win32
		{101D73D2-F824-42C4-9D58-A225ACF75BF8}.Release|x86.Build.0 = Release|Win32
		{9CE9901C-CAE5-4ABE-88E5-631A47DE162B}.Debug|x64.ActiveCfg = Debug|x64
		{9CE9901C-CAE5-4ABE-88E5-631A47DE162B}.Debug|x64.Build.0 = Debug|x64
		{9CE9901C-CAE5-4ABE-88E5-631A47DE162B}.Debug|x86.ActiveCfg = Debug|Win32
		{9CE9901C-CAE5-4ABE-88E5-631A47DE162B}.Debug|x86.Build.0 = Debug|Win32
		{9CE9901C-CAE5-4ABE-88E5-631A47DE162B}.Release|x64.ActiveCfg = Release|x64
		{9CE9901C-CAE5-4ABE-88E5-631A47DE162B}.Release|x64.Build.0 = Release|x64
		{9CE9901C-CAE5-4ABE-88E5-631A47DE162B}.Release|x86.ActiveCfg = Release|Win32
		{9CE9901C-CAE5-4ABE-88E5-631A47DE162B}.Release|x86.Build.0 = Release|Win32
		{11EFDECB-C9B3-4A3A-B50B-BDCC8D5A812B}.Debug|x64.ActiveCfg = Debug|x64
		{11EFDECB-C9B3-4A3A-B50B-BDCC8D5A812B}.Debug|x64.Build.0 = Debug|x64
		{11EFDECB-C9B3-4A3A-B50B-BDCC8D5A812B}.Debug|x86.ActiveCfg = Debug|Win32
		{11EFDECB-C9B3-4A3A-B50B-BDCC8D5A812B}.Debug|x86.Build.0 = Debug|Win32
		{11EFDECB-C9B3-4A3A-B50B-BDCC8D5A812B}.Release|x64.ActiveCfg = Release|x64
		{11EFDECB-C9B3-4A3A-B50B-BDCC8D5A812B}.Release|x64.Build.0 = Release|x64
		{11EFDECB-C9B3-4A3A-B50B-BDCC8D5A812B}.Release|x86.ActiveCfg = Release|Win32
		{11EFDECB-C9B3-4A3A-B50B-BDCC8D5A812B}.Release|x86.Build.0 = Release|Win32
		{CB2F2BAA-29FC-4E7A-8F1F-89BF5F48C9D3}.Debug|x64.ActiveCfg = Debug|x64
		{CB2F2BAA-29FC-4E7A-8F1F-89BF5F48C9D3}.Debug|x64.Build.0 = Debug|x64
		{CB2F2BAA-29FC-4E7A-8F1F-89BF5F48C9D3}.Debug|x86.ActiveCfg = Debug|Win32
		{CB2F2BAA-29FC-4E7A-8F1F-89BF5F48C9D3}.Debug|x86.Build.0 = Debug|Win32
		{CB2F2BAA-29FC-4E7A-8F1F-89BF5F48C9D3}.Release|x64.ActiveCfg = Release|x64
		{CB2F2BAA-29FC-4E7A-8F1F-89BF5F48C9D3}.Release|x64.Build.0 = Release|x64
		{CB2F2BAA-29FC-4E7A-8F1F-89BF5F48C9D3}.Release|x86.ActiveCfg = Release|Win32
		{CB2F2BAA-29FC-4E7A-8F1F-89BF5F48C9D3}.Release|x86.Build.0 = Release|Win32
		{7CFE15A5-CE9B-46E1-BAF9-F28E44258293}.Debug|x64.ActiveCfg = Debug|x64
		{7CFE15A5-CE9B-46E1-BAF9-F28E44258293}.Debug|x64.Build.0 = Debug|x64
		{7CFE15A5-CE9B-46E1-BAF9-F28E44258293}.Debug|x86.ActiveCfg = Debug|Win32
		{7CFE15A5-CE9B-46E1-BAF9-F28E44258293}.Debug|x86.Build.0 = Debug|Win32
		{7CFE15A5-CE9B-46E1-BAF9-F28E44258293}.Release|x64.ActiveCfg = Release|x64
		{7CFE15A5-CE9B-46E1-BAF9-F28E44258293}.Release|x64.Build.0 = Release|x64
		{7CFE15A5-CE9B-46E1-BAF9-F28E44258293}.Release|x86.ActiveCfg = Release|Win32
		{7CFE15A5-CE9B-46E1-BAF9-F28E44258293}.Release|x86.Build.0 = Release|Win32
		{49AAB5BE-7DC2-4CCA-9C49-2D4C1974A3EB}.Debug|x64.ActiveCfg = Debug|x64
		{49AAB5BE-7DC2-4CCA-9C49-2D4C1974A3EB}.Debug|x64.Build.0 = Debug|x64
		{49AAB5BE-7DC2-4CCA-9C49-2D4C1974A3EB}.Debug|x86.ActiveCfg = Debug|Win32
		{49AAB5BE-7DC2-4CCA-9C49-2D4C1974A3EB}.Debug|x86.Build.0 = Debug|Win32
		{49AAB5BE-7DC2-4CCA-9C49-2D4C1974A3EB}.Release|x64.ActiveCfg = Release|x64
		{49AAB5BE-7DC2-4CCA-9C49-2D4C1974A3EB}.Release|x64.Build.0 = Release|x64
		{49AAB5BE-7DC2-4CCA-9C49-2D4C1974A3EB}.Release|x86.ActiveCfg = Release|Win32
		{49AAB5BE-7DC2-4CCA-9C49-2D4C1974A3EB}.Release|x86.Build.0 = Release|Win32
		{DA502ED0-FDEB-45F3-A9DD-9FD7F0C96D34}.Debug|x64.ActiveCfg = Debug|x64
		{DA502ED0-FDEB-45F3-A9DD-9FD7F0C96D34}.Debug|x64.Build.0 = Debug|x64
		{DA502ED0-FDEB-45F3-A9DD-9FD7F0C96D34}.Debug|x86.ActiveCfg = Debug|Win32
		{DA502ED0-FDEB-45F3-A9DD-9FD7F0C96D34}.Debug|x86.Build.0 = Debug|Win32
		{DA502ED0-FDEB-45F3-A9DD-9FD7F0C96D34}.Release|x64.ActiveCfg = Release|x64
		{DA502ED0-FDEB-45F3-A9DD-9FD7F0C96D34}.Release|x64.Build.0 = Release|x64
		{DA502ED0-FDEB-45F3-A9DD-9FD7F0C96D34}.Release|x86.ActiveCfg = Release|Win32
		{DA502ED0-FDEB-45F3-A9DD-9FD7F0C96D34}.Release|x86.Build.0 = Release|Win32
		{CA087BDE-99AE-4063-9289-E88D6115AF4C}.Debug|x64.ActiveCfg = Debug|x64
		{CA087BDE-99AE-4063-9289-E88D6115AF4C}.Debug|x64.Build.0 = Debug|x64
		{CA087BDE-99AE-4063-9289-E88D6115AF4C}.Debug|x86.ActiveCfg = Debug|Win32
		{CA087BDE-99AE-4063-9289-E88D6115AF4C}.Debug|x86.Build.0 = Debug|Win32
		{CA087BDE-99AE-4063-9289-E88D6115AF4C}.Release|x64.ActiveCfg = Release|x64
		{CA087BDE-99AE-4063-9289-E88D6115AF4C}.Release|x64.Build.0 = Release|x64
		{CA087BDE-99AE-4063-9289-E88D6115AF4C}.Release|x86.ActiveCfg = Release|Win32
		{CA087BDE-99AE-4063-9289-E88D6115AF4C}.Release|x86.Build.0 = Release|Win32
		{BCF0282B-2CFA-49EF-A23C-C6D63EE72A9B}.Debug|x64.ActiveCfg = Debug|x64
		{BCF0282B-2CFA-49EF-A23C-C6D63EE72A9B}.Debug|x64.Build.0 = Debug|x64
		{BCF0282B-2CFA-49EF-A23C-C6D63EE72A9B}.Debug|x86.ActiveCfg = Debug|Win32
		{BCF0282B-2CFA-49EF-A23C-C6D63EE72A9B}.Debug|x86.Build.0 = Debug|Win32
		{BCF0282B-2CFA-49EF-A23C-C6D63EE72A9B}.Release|x64.ActiveCfg = Release|x64
		{BCF0282B-2CFA-49EF-A23C-C6D63EE72A9B}.Release|x64.Build.0 = Release|x64
		{BCF0282B-2CFA-49EF-A23C-C6D63EE72A9B}.Release|x86.ActiveCfg = Release|Win32
		{BCF0282B-2CFA-49EF-A23C-C6D63EE72A9B}.Release|x86.Build.0 = Release|Win32
		{9C438083-F254-4688-9E27-E687C7B660DF}.Debug|x64.ActiveCfg = Debug|x64
		{9C438083-F254-4688-9E27-E687C7B660DF}.Debug|x64.Build.0 = Debug|x64
		{9C438083-F254-4688-9E27-E687C7B660DF}.Debug|x86.ActiveCfg = Debug|Win32
		{9C438083-F254-4688-9E27-E687C7B660DF}.Debug|x86.Build.0 = Debug|Win32
		{9C438083-F254-4688-9E27-E687C7B660DF}.Release|x64.ActiveCfg = Release|x64
		{9C438083-F254-4688-9E27-E687C7B660DF}.Release|x64.Build.0 = Release|x64
		{9C438083-F254-4688-9E27-E687C7B660DF}.Release|x86.ActiveCfg = Release|Win32
		{9C438083-F254-4688-9E27-E687C7B660DF}.Release|x86.Build.0 = Release|Win32
		{C76EC7B5-F337-474F-A56B-72EB9A540393}.Debug|x64.ActiveCfg = Debug|x64
		{C76EC7B5-F337-474F-A56B-72EB9A540393}.Debug|x64.Build.0 = Debug|x64
		{C76EC7B5-F337-474F-A56B-72EB9A540393}.Debug|x86.ActiveCfg = Debug|Win32
		{C76EC7B5-F337-474F-A56B-72EB9A540393}.Debug|x86.Build.0 = Debug|Win32
		{C76EC7B5-F337-474F-A56B-72EB9A540393}.Release|x64.ActiveCfg = Release|x64
		{C76EC7B5-F337-474F-A56B-72EB9A540393}.Release|x64.Build.0 = Release|x64
		{C76EC7B5-F337-474F-A56B-72EB9A540393}.Release|x86.ActiveCfg = Release|Win32
		{C76EC7B5-F337-474F-A56B-72EB9A540393}.Release|x86.Build.0 = Release|Win32
		{F431B4E3-E12A-4641-AC5D-45DB0E4B5111}.Debug|x64.ActiveCfg = Debug|x64
		{F431B4E3-E12A-4641-AC5D-45DB0E4B5111}.Debug|x64.Build.0 = Debug|x64
		{F431B4E3-E12A-4641-AC5D-45DB0E4B5111}.Debug|x86.ActiveCfg = Debug|Win32
		{F431B4E3-E12A-4641-AC5D-45DB0E4B5111}.Debug|x86.Build.0 = Debug|Win32
		{F431B4E3-E12A-4641-AC5D-45DB0E4B5111}.Release|x64.ActiveCfg = Release|x64
		{F431B4E3-E12A-4641-AC5D-45DB0E4B5111}.Release|x64.Build.0 = Release|x64
		{F431B4E3-E12A-4641-AC5D-45DB0E4B5111}.Release|x86.ActiveCfg = Release|Win32
		{F431B4E3-E12A-4641-AC5D-45DB0E4B5111}.Release|x86.Build.0 = Release|Win32
		{91D10622-5DC2-4072-B015-B1113B41DA0B}.Debug|x64.ActiveCfg = Debug|x64
		{91D10622-5DC2-4072-B015-B1113B41DA0B}.Debug|x64.Build.0 = Debug|x64
		{91D10622-5DC2-4072-B015-B1113B41DA0B}.Debug|x86.ActiveCfg = Debug|Win32
		{91D10622-5DC2-4072-B015-B1113B41DA0B}.Debug|x86.Build.0 = Debug|Win32
		{91D10622-5DC2-4072-B015-B1113B41DA0B}.Release|x64.ActiveCfg = Release|x64
		{91D10622-5DC2-4072-B015-B1113B41DA0B}.Release|x64.Build.0 = Release|x64
		{91D10622-5DC2-4072-B015-B1113B41DA0B}.Release|x86.ActiveCfg = Release|Win32
		{91D10622-5DC2-4072-B015-B1113B41DA0B}.Release|x86.Build.0 = Release|Win32
		{79400300-4D5D-4333-8054-936868BD837F}.Debug|x64.ActiveCfg = Debug|x64
		{79400300-4D5D-4333-8054-936868BD837F}.Debug|x64.Build.0 = Debug|x64
		{79400300-4D5D-4333-8054-936868BD837F}.Debug|x86.ActiveCfg = Debug|Win32
		{79400300-4D5D-4333-8054-936868BD837F}.Debug|x86.Build.0 = Debug|Win32
		{79400300-4D5D-4333-8054-936868BD837F}.Release|x64.ActiveCfg = Release|x64
		{79400300-4D5D-4333-8054-936868BD837F}.Release|x64.Build.0 = Release|x64
		{79400300-4D5D-4333-8054-936868BD837F}.Release|x86.ActiveCfg = Release|Win32
		{79400300-4D5D-4333-8054-936868BD837F}.Release|x86.Build.0 = Release|Win32
		{0D9EA65D-1B2A-48A2-BF31-65BA800A9B10}.Debug|x64.ActiveCfg = Debug|x64
		{0D9EA65D-1B2A-48A2-BF31-65BA800A9B10}.Debug|x64.Build.0 = Debug|x64
		{0D9EA65D-1B2A-48A2-BF31-65BA800A9B10}.Debug|x86.ActiveCfg = Debug|Win32
		{0D9EA65D-1B2A-48A2-BF31-65BA800A9B10}.Debug|x86.Build.0 = Debug|Win32
		{0D9EA65D-1B2A-48A2-BF31-65BA800A9B10}.Release|x64.ActiveCfg = Release|x64
		{0D9EA65D-1B2A-48A2-BF31-65BA800A9B10}.Release|x64.Build.0 = Release|x64
		{0D9EA65D-1B2A-48A2-BF31-65BA800A9B10}.Release|x86.ActiveCfg = Release|Win32
		{0D9EA65D-1B2A-48A2-BF31-65BA800A9B10}.Release|x86.Build.0 = Release|Win32
		{BC7741A3-7622-4900-BD12-3C213ED9C3B7}.Debug|x64.ActiveCfg = Debug|x64
		{BC7741A3-7622-4900-BD12-3C213ED9C3B7}.Debug|x64.Build.0 = Debug|x64
		{BC7741A3-7622-4900-BD12-3C213ED9C3B7}.Debug|x86.ActiveCfg = Debug|Win32
		{BC7741A3-7622-4900-BD12-3C213ED9C3B7}.Debug|x86.Build.0 = Debug|Win32
		{BC7741A3-7622-4900-BD12-3C213ED9C3B7}.Release|x64.ActiveCfg = Release|x64
		{BC7741A3-7622-4900-BD12-3C213ED9C3B7}.Release|x64.Build.0 = Release|x64
		{BC7741A3-7622-4900-BD12-3C213ED9C3B7}.Release|x86.ActiveCfg = Release|Win32
		{BC7741A3-7622-4900-BD12-3C213ED9C3B7}.Release|x86.Build.0 = Release|Win32
		{E45E97DF-A8FD-4D02-AF8C-B1A31E840EC6}.Debug|x64.ActiveCfg = Debug|x64
		{E45E97DF-A8FD-4D02-AF8C-B1A31E840EC6}.Debug|x64.Build.0 = Debug|x64
		{E45E97DF-A8FD-4D02-AF8C-B1A31E840EC6}.Debug|x86.ActiveCfg = Debug|Win32
		{E45E97DF-A8FD-4D02-AF8C-B1A31E840EC6}.Debug|x86.Build.0 = Debug|Win32
		{E45E97DF-A8FD-4D02-AF8C-B1A31E840EC6}.Release|x64.ActiveCfg = Release|x64
		{E45E97DF-A8FD-4D02-AF8C-B1A31E840EC6}.Release|x64.Build.0 = Release|x64
		{E45E97DF-A8FD-4D02-AF8C-B1A31E840EC6}.Release|x86.ActiveCfg = Release|Win32
		{E45E97DF-A8FD-4D02-AF8C-B1A31E840EC6}.Release|x86.Build.0 = Release|Win32
		{C16B0A52-8BB4-4F02-A070-F20C3C665907}.Debug|x64.ActiveCfg = Debug|x64
		{C16B0A52-8BB4-4F02-A070-F20C3C665907}.Debug|x64.Build.0 = Debug|x64
		{C16B0A52-8BB4-4F02-A070-F20C3C665907}.Debug|x86.ActiveCfg = Debug|Win32
		{C16B0A52-8BB4-4F02-A070-F20C3C665907}.Debug|x86.Build.0 = Debug|Win32
		{C16B0A52-8BB4-4F02-A070-F20C3C665907}.Release|x64.ActiveCfg = Release|x64
		{C16B0A52-8BB4-4F02-A070-F20C3C665907}.Release|x64.Build.0 = Release|x64
		{C16B0A52-8BB4-4F02-A070-F20C3C665907}.Release|x86.ActiveCfg = Release|Win32
		{C16B0A52-8BB4-4F02-A070-F20C3C665907}.Release|x86.Build.0 = Release|Win32
		{967185E5-2774-4D3E-A81B-3C18141DE1E1}.Debug|x64.ActiveCfg = Debug|x64
		{967185E5-2774-4D3E-A81B-3C18141DE1E1}.Debug|x64.Build.0 = Debug|x64
		{967185E5-2774-4D3E-A81B-3C18141DE1E1}.Debug|x86.ActiveCfg = Debug|Win32
		{967185E5-2774-4D3E-A81B-3C18141DE1E1}.Debug|x86.Build.0 = Debug|Win32
		{967185E5-2774-4D3E-A81B-3C18141DE1E1}.Release|x64.ActiveCfg = Release|x64
		{967185E5-2774-4D3E-A81B-3C18141DE1E1}.Release|x64.Build.0 = Release|x64
		{967185E5-2774-4D3E-A81B-3C18141DE1E1}.Release|x86.ActiveCfg = Release|Win32
		{967185E5-2774-4D3E-A81B-3C18141DE1E1}.Release|x86.Build.0 = Release|Win32
		{11F60919-295E-4C5C-9064-524F1AEDBAE7}.Debug|x64.ActiveCfg = Debug|x64
		{11F60919-295E-4C5C-9064-524F1AEDBAE7}.Debug|x64.Build.0 = Debug|x64
		{11F60919-295E-4C5C-9064-524F1AEDBAE7}.Debug|x86.ActiveCfg = Debug|Win32
		{11F60919-295E-4C5C-9064-524F1AEDBAE7}.Debug|x86.Build.0 = Debug|Win32
		{11F60919-295E-4C5C-9064-524F1AEDBAE7}.Release|x64.ActiveCfg = Release|x64
		{11F60919-295E-4C5C-9064-524F1AEDBAE7}.Release|x64.Build.0 = Release|x64
		{11F60919-295E-4C5C-9064-524F1AEDBAE7}.Release|x86.ActiveCfg = Release|Win32
		{11F60919-295E-4C5C-9064-524F1AEDBAE7}.Release|x86.Build.0 = Release|Win32
	EndGlobalSection
	GlobalSection(SolutionProperties) = preSolution
		HideSolutionNode = FALSE
	EndGlobalSection
	GlobalSection(ExtensibilityGlobals) = postSolution
		SolutionGuid = {54973B8D-8DA3-46C1-8A70-E8A473D4CE87}
	EndGlobalSection
EndGlobal
